// !$*UTF8*$!
{
	archiveVersion = 1;
	classes = {
	};
	objectVersion = 50;
	objects = {

/* Begin PBXBuildFile section */
		909399C322360B33000B7124 /* Place.swift in Sources */ = {isa = PBXBuildFile; fileRef = 909399C222360B33000B7124 /* Place.swift */; };
		90EB53A622370CFB0078E4C7 /* SearchViewController.swift in Sources */ = {isa = PBXBuildFile; fileRef = 90EB53A522370CFB0078E4C7 /* SearchViewController.swift */; };
		90EB95BF2235FAF200AD0B3D /* AppDelegate.swift in Sources */ = {isa = PBXBuildFile; fileRef = 90EB95BE2235FAF200AD0B3D /* AppDelegate.swift */; };
		90EB95C12235FAF200AD0B3D /* MapController.swift in Sources */ = {isa = PBXBuildFile; fileRef = 90EB95C02235FAF200AD0B3D /* MapController.swift */; };
		90EB95C42235FAF200AD0B3D /* Main.storyboard in Resources */ = {isa = PBXBuildFile; fileRef = 90EB95C22235FAF200AD0B3D /* Main.storyboard */; };
		90EB95C72235FAF200AD0B3D /* TipMap.xcdatamodeld in Sources */ = {isa = PBXBuildFile; fileRef = 90EB95C52235FAF200AD0B3D /* TipMap.xcdatamodeld */; };
		90EB95C92235FAF300AD0B3D /* Assets.xcassets in Resources */ = {isa = PBXBuildFile; fileRef = 90EB95C82235FAF300AD0B3D /* Assets.xcassets */; };
		90EB95CC2235FAF300AD0B3D /* LaunchScreen.storyboard in Resources */ = {isa = PBXBuildFile; fileRef = 90EB95CA2235FAF300AD0B3D /* LaunchScreen.storyboard */; };
		90EB95D62235FB5400AD0B3D /* MapKit.framework in Frameworks */ = {isa = PBXBuildFile; fileRef = 90EB95D52235FB5400AD0B3D /* MapKit.framework */; };
		90EB95DC2236062200AD0B3D /* Artwork.swift in Sources */ = {isa = PBXBuildFile; fileRef = 90EB95DB2236062200AD0B3D /* Artwork.swift */; };
/* End PBXBuildFile section */

/* Begin PBXFileReference section */
		909399C222360B33000B7124 /* Place.swift */ = {isa = PBXFileReference; lastKnownFileType = sourcecode.swift; path = Place.swift; sourceTree = "<group>"; };
		90EB53A522370CFB0078E4C7 /* SearchViewController.swift */ = {isa = PBXFileReference; lastKnownFileType = sourcecode.swift; path = SearchViewController.swift; sourceTree = "<group>"; };
		90EB95BB2235FAF100AD0B3D /* TipMap.app */ = {isa = PBXFileReference; explicitFileType = wrapper.application; includeInIndex = 0; path = TipMap.app; sourceTree = BUILT_PRODUCTS_DIR; };
		90EB95BE2235FAF200AD0B3D /* AppDelegate.swift */ = {isa = PBXFileReference; lastKnownFileType = sourcecode.swift; path = AppDelegate.swift; sourceTree = "<group>"; };
		90EB95C02235FAF200AD0B3D /* MapController.swift */ = {isa = PBXFileReference; lastKnownFileType = sourcecode.swift; path = MapController.swift; sourceTree = "<group>"; };
		90EB95C32235FAF200AD0B3D /* Base */ = {isa = PBXFileReference; lastKnownFileType = file.storyboard; name = Base; path = Base.lproj/Main.storyboard; sourceTree = "<group>"; };
		90EB95C62235FAF200AD0B3D /* TipMap.xcdatamodel */ = {isa = PBXFileReference; lastKnownFileType = wrapper.xcdatamodel; path = TipMap.xcdatamodel; sourceTree = "<group>"; };
		90EB95C82235FAF300AD0B3D /* Assets.xcassets */ = {isa = PBXFileReference; lastKnownFileType = folder.assetcatalog; path = Assets.xcassets; sourceTree = "<group>"; };
		90EB95CB2235FAF300AD0B3D /* Base */ = {isa = PBXFileReference; lastKnownFileType = file.storyboard; name = Base; path = Base.lproj/LaunchScreen.storyboard; sourceTree = "<group>"; };
		90EB95CD2235FAF300AD0B3D /* Info.plist */ = {isa = PBXFileReference; lastKnownFileType = text.plist.xml; path = Info.plist; sourceTree = "<group>"; };
		90EB95D52235FB5400AD0B3D /* MapKit.framework */ = {isa = PBXFileReference; lastKnownFileType = wrapper.framework; name = MapKit.framework; path = System/Library/Frameworks/MapKit.framework; sourceTree = SDKROOT; };
		90EB95DB2236062200AD0B3D /* Artwork.swift */ = {isa = PBXFileReference; lastKnownFileType = sourcecode.swift; path = Artwork.swift; sourceTree = "<group>"; };
/* End PBXFileReference section */

/* Begin PBXFrameworksBuildPhase section */
		90EB95B82235FAF100AD0B3D /* Frameworks */ = {
			isa = PBXFrameworksBuildPhase;
			buildActionMask = 2147483647;
			files = (
				90EB95D62235FB5400AD0B3D /* MapKit.framework in Frameworks */,
			);
			runOnlyForDeploymentPostprocessing = 0;
		};
/* End PBXFrameworksBuildPhase section */

/* Begin PBXGroup section */
		90EB95B22235FAF100AD0B3D = {
			isa = PBXGroup;
			children = (
				90EB95BD2235FAF200AD0B3D /* TipMap */,
				90EB95BC2235FAF200AD0B3D /* Products */,
				90EB95D42235FB5400AD0B3D /* Frameworks */,
			);
			sourceTree = "<group>";
		};
		90EB95BC2235FAF200AD0B3D /* Products */ = {
			isa = PBXGroup;
			children = (
				90EB95BB2235FAF100AD0B3D /* TipMap.app */,
			);
			name = Products;
			sourceTree = "<group>";
		};
		90EB95BD2235FAF200AD0B3D /* TipMap */ = {
			isa = PBXGroup;
			children = (
				90EB95BE2235FAF200AD0B3D /* AppDelegate.swift */,
				90EB95C02235FAF200AD0B3D /* MapController.swift */,
				90EB53A522370CFB0078E4C7 /* SearchViewController.swift */,
				90EB95C22235FAF200AD0B3D /* Main.storyboard */,
				90EB95DD2236063900AD0B3D /* Models */,
				90EB95D32235FB0700AD0B3D /* Resources */,
				90EB95C52235FAF200AD0B3D /* TipMap.xcdatamodeld */,
			);
			path = TipMap;
			sourceTree = "<group>";
		};
		90EB95D32235FB0700AD0B3D /* Resources */ = {
			isa = PBXGroup;
			children = (
				90EB95C82235FAF300AD0B3D /* Assets.xcassets */,
				90EB95CA2235FAF300AD0B3D /* LaunchScreen.storyboard */,
				90EB95CD2235FAF300AD0B3D /* Info.plist */,
			);
			path = Resources;
			sourceTree = "<group>";
		};
		90EB95D42235FB5400AD0B3D /* Frameworks */ = {
			isa = PBXGroup;
			children = (
				90EB95D52235FB5400AD0B3D /* MapKit.framework */,
			);
			name = Frameworks;
			sourceTree = "<group>";
		};
		90EB95DD2236063900AD0B3D /* Models */ = {
			isa = PBXGroup;
			children = (
				90EB95DB2236062200AD0B3D /* Artwork.swift */,
				909399C222360B33000B7124 /* Place.swift */,
			);
			path = Models;
			sourceTree = "<group>";
		};
/* End PBXGroup section */

/* Begin PBXNativeTarget section */
		90EB95BA2235FAF100AD0B3D /* TipMap */ = {
			isa = PBXNativeTarget;
			buildConfigurationList = 90EB95D02235FAF300AD0B3D /* Build configuration list for PBXNativeTarget "TipMap" */;
			buildPhases = (
				90EB95B72235FAF100AD0B3D /* Sources */,
				90EB95B82235FAF100AD0B3D /* Frameworks */,
				90EB95B92235FAF100AD0B3D /* Resources */,
			);
			buildRules = (
			);
			dependencies = (
			);
			name = TipMap;
			productName = TipMap;
			productReference = 90EB95BB2235FAF100AD0B3D /* TipMap.app */;
			productType = "com.apple.product-type.application";
		};
/* End PBXNativeTarget section */

/* Begin PBXProject section */
		90EB95B32235FAF100AD0B3D /* Project object */ = {
			isa = PBXProject;
			attributes = {
				LastSwiftUpdateCheck = 1010;
				LastUpgradeCheck = 1010;
				ORGANIZATIONNAME = "Greg Hughes";
				TargetAttributes = {
					90EB95BA2235FAF100AD0B3D = {
						CreatedOnToolsVersion = 10.1;
						SystemCapabilities = {
							com.apple.Maps.iOS = {
								enabled = 1;
							};
						};
					};
				};
			};
			buildConfigurationList = 90EB95B62235FAF100AD0B3D /* Build configuration list for PBXProject "TipMap" */;
			compatibilityVersion = "Xcode 9.3";
			developmentRegion = en;
			hasScannedForEncodings = 0;
			knownRegions = (
				en,
				Base,
			);
			mainGroup = 90EB95B22235FAF100AD0B3D;
			productRefGroup = 90EB95BC2235FAF200AD0B3D /* Products */;
			projectDirPath = "";
			projectRoot = "";
			targets = (
				90EB95BA2235FAF100AD0B3D /* TipMap */,
			);
		};
/* End PBXProject section */

/* Begin PBXResourcesBuildPhase section */
		90EB95B92235FAF100AD0B3D /* Resources */ = {
			isa = PBXResourcesBuildPhase;
			buildActionMask = 2147483647;
			files = (
				90EB95CC2235FAF300AD0B3D /* LaunchScreen.storyboard in Resources */,
				90EB95C92235FAF300AD0B3D /* Assets.xcassets in Resources */,
				90EB95C42235FAF200AD0B3D /* Main.storyboard in Resources */,
			);
			runOnlyForDeploymentPostprocessing = 0;
		};
/* End PBXResourcesBuildPhase section */

/* Begin PBXSourcesBuildPhase section */
		90EB95B72235FAF100AD0B3D /* Sources */ = {
			isa = PBXSourcesBuildPhase;
			buildActionMask = 2147483647;
			files = (
				90EB53A622370CFB0078E4C7 /* SearchViewController.swift in Sources */,
				90EB95C72235FAF200AD0B3D /* TipMap.xcdatamodeld in Sources */,
				90EB95C12235FAF200AD0B3D /* MapController.swift in Sources */,
				90EB95DC2236062200AD0B3D /* Artwork.swift in Sources */,
				90EB95BF2235FAF200AD0B3D /* AppDelegate.swift in Sources */,
				909399C322360B33000B7124 /* Place.swift in Sources */,
			);
			runOnlyForDeploymentPostprocessing = 0;
		};
/* End PBXSourcesBuildPhase section */

/* Begin PBXVariantGroup section */
		90EB95C22235FAF200AD0B3D /* Main.storyboard */ = {
			isa = PBXVariantGroup;
			children = (
				90EB95C32235FAF200AD0B3D /* Base */,
			);
			name = Main.storyboard;
			sourceTree = "<group>";
		};
		90EB95CA2235FAF300AD0B3D /* LaunchScreen.storyboard */ = {
			isa = PBXVariantGroup;
			children = (
				90EB95CB2235FAF300AD0B3D /* Base */,
			);
			name = LaunchScreen.storyboard;
			sourceTree = "<group>";
		};
/* End PBXVariantGroup section */

/* Begin XCBuildConfiguration section */
		90EB95CE2235FAF300AD0B3D /* Debug */ = {
			isa = XCBuildConfiguration;
			buildSettings = {
				ALWAYS_SEARCH_USER_PATHS = NO;
				CLANG_ANALYZER_NONNULL = YES;
				CLANG_ANALYZER_NUMBER_OBJECT_CONVERSION = YES_AGGRESSIVE;
				CLANG_CXX_LANGUAGE_STANDARD = "gnu++14";
				CLANG_CXX_LIBRARY = "libc++";
				CLANG_ENABLE_MODULES = YES;
				CLANG_ENABLE_OBJC_ARC = YES;
				CLANG_ENABLE_OBJC_WEAK = YES;
				CLANG_WARN_BLOCK_CAPTURE_AUTORELEASING = YES;
				CLANG_WARN_BOOL_CONVERSION = YES;
				CLANG_WARN_COMMA = YES;
				CLANG_WARN_CONSTANT_CONVERSION = YES;
				CLANG_WARN_DEPRECATED_OBJC_IMPLEMENTATIONS = YES;
				CLANG_WARN_DIRECT_OBJC_ISA_USAGE = YES_ERROR;
				CLANG_WARN_DOCUMENTATION_COMMENTS = YES;
				CLANG_WARN_EMPTY_BODY = YES;
				CLANG_WARN_ENUM_CONVERSION = YES;
				CLANG_WARN_INFINITE_RECURSION = YES;
				CLANG_WARN_INT_CONVERSION = YES;
				CLANG_WARN_NON_LITERAL_NULL_CONVERSION = YES;
				CLANG_WARN_OBJC_IMPLICIT_RETAIN_SELF = YES;
				CLANG_WARN_OBJC_LITERAL_CONVERSION = YES;
				CLANG_WARN_OBJC_ROOT_CLASS = YES_ERROR;
				CLANG_WARN_RANGE_LOOP_ANALYSIS = YES;
				CLANG_WARN_STRICT_PROTOTYPES = YES;
				CLANG_WARN_SUSPICIOUS_MOVE = YES;
				CLANG_WARN_UNGUARDED_AVAILABILITY = YES_AGGRESSIVE;
				CLANG_WARN_UNREACHABLE_CODE = YES;
				CLANG_WARN__DUPLICATE_METHOD_MATCH = YES;
				CODE_SIGN_IDENTITY = "iPhone Developer";
				COPY_PHASE_STRIP = NO;
				DEBUG_INFORMATION_FORMAT = dwarf;
				ENABLE_STRICT_OBJC_MSGSEND = YES;
				ENABLE_TESTABILITY = YES;
				GCC_C_LANGUAGE_STANDARD = gnu11;
				GCC_DYNAMIC_NO_PIC = NO;
				GCC_NO_COMMON_BLOCKS = YES;
				GCC_OPTIMIZATION_LEVEL = 0;
				GCC_PREPROCESSOR_DEFINITIONS = (
					"DEBUG=1",
					"$(inherited)",
				);
				GCC_WARN_64_TO_32_BIT_CONVERSION = YES;
				GCC_WARN_ABOUT_RETURN_TYPE = YES_ERROR;
				GCC_WARN_UNDECLARED_SELECTOR = YES;
				GCC_WARN_UNINITIALIZED_AUTOS = YES_AGGRESSIVE;
				GCC_WARN_UNUSED_FUNCTION = YES;
				GCC_WARN_UNUSED_VARIABLE = YES;
				IPHONEOS_DEPLOYMENT_TARGET = 12.1;
				MTL_ENABLE_DEBUG_INFO = INCLUDE_SOURCE;
				MTL_FAST_MATH = YES;
				ONLY_ACTIVE_ARCH = YES;
				SDKROOT = iphoneos;
				SWIFT_ACTIVE_COMPILATION_CONDITIONS = DEBUG;
				SWIFT_OPTIMIZATION_LEVEL = "-Onone";
			};
			name = Debug;
		};
		90EB95CF2235FAF300AD0B3D /* Release */ = {
			isa = XCBuildConfiguration;
			buildSettings = {
				ALWAYS_SEARCH_USER_PATHS = NO;
				CLANG_ANALYZER_NONNULL = YES;
				CLANG_ANALYZER_NUMBER_OBJECT_CONVERSION = YES_AGGRESSIVE;
				CLANG_CXX_LANGUAGE_STANDARD = "gnu++14";
				CLANG_CXX_LIBRARY = "libc++";
				CLANG_ENABLE_MODULES = YES;
				CLANG_ENABLE_OBJC_ARC = YES;
				CLANG_ENABLE_OBJC_WEAK = YES;
				CLANG_WARN_BLOCK_CAPTURE_AUTORELEASING = YES;
				CLANG_WARN_BOOL_CONVERSION = YES;
				CLANG_WARN_COMMA = YES;
				CLANG_WARN_CONSTANT_CONVERSION = YES;
				CLANG_WARN_DEPRECATED_OBJC_IMPLEMENTATIONS = YES;
				CLANG_WARN_DIRECT_OBJC_ISA_USAGE = YES_ERROR;
				CLANG_WARN_DOCUMENTATION_COMMENTS = YES;
				CLANG_WARN_EMPTY_BODY = YES;
				CLANG_WARN_ENUM_CONVERSION = YES;
				CLANG_WARN_INFINITE_RECURSION = YES;
				CLANG_WARN_INT_CONVERSION = YES;
				CLANG_WARN_NON_LITERAL_NULL_CONVERSION = YES;
				CLANG_WARN_OBJC_IMPLICIT_RETAIN_SELF = YES;
				CLANG_WARN_OBJC_LITERAL_CONVERSION = YES;
				CLANG_WARN_OBJC_ROOT_CLASS = YES_ERROR;
				CLANG_WARN_RANGE_LOOP_ANALYSIS = YES;
				CLANG_WARN_STRICT_PROTOTYPES = YES;
				CLANG_WARN_SUSPICIOUS_MOVE = YES;
				CLANG_WARN_UNGUARDED_AVAILABILITY = YES_AGGRESSIVE;
				CLANG_WARN_UNREACHABLE_CODE = YES;
				CLANG_WARN__DUPLICATE_METHOD_MATCH = YES;
				CODE_SIGN_IDENTITY = "iPhone Developer";
				COPY_PHASE_STRIP = NO;
				DEBUG_INFORMATION_FORMAT = "dwarf-with-dsym";
				ENABLE_NS_ASSERTIONS = NO;
				ENABLE_STRICT_OBJC_MSGSEND = YES;
				GCC_C_LANGUAGE_STANDARD = gnu11;
				GCC_NO_COMMON_BLOCKS = YES;
				GCC_WARN_64_TO_32_BIT_CONVERSION = YES;
				GCC_WARN_ABOUT_RETURN_TYPE = YES_ERROR;
				GCC_WARN_UNDECLARED_SELECTOR = YES;
				GCC_WARN_UNINITIALIZED_AUTOS = YES_AGGRESSIVE;
				GCC_WARN_UNUSED_FUNCTION = YES;
				GCC_WARN_UNUSED_VARIABLE = YES;
				IPHONEOS_DEPLOYMENT_TARGET = 12.1;
				MTL_ENABLE_DEBUG_INFO = NO;
				MTL_FAST_MATH = YES;
				SDKROOT = iphoneos;
				SWIFT_COMPILATION_MODE = wholemodule;
				SWIFT_OPTIMIZATION_LEVEL = "-O";
				VALIDATE_PRODUCT = YES;
			};
			name = Release;
		};
		90EB95D12235FAF300AD0B3D /* Debug */ = {
			isa = XCBuildConfiguration;
			buildSettings = {
				ASSETCATALOG_COMPILER_APPICON_NAME = AppIcon;
				CODE_SIGN_STYLE = Automatic;
				DEVELOPMENT_TEAM = 57FTCZV5HS;
				INFOPLIST_FILE = "$(SRCROOT)/TipMap/Resources/Info.plist";
				LD_RUNPATH_SEARCH_PATHS = (
					"$(inherited)",
					"@executable_path/Frameworks",
				);
				PRODUCT_BUNDLE_IDENTIFIER = com.greghughes.TipMap;
				PRODUCT_NAME = "$(TARGET_NAME)";
				SWIFT_VERSION = 4.2;
				TARGETED_DEVICE_FAMILY = "1,2";
			};
			name = Debug;
		};
		90EB95D22235FAF300AD0B3D /* Release */ = {
			isa = XCBuildConfiguration;
			buildSettings = {
				ASSETCATALOG_COMPILER_APPICON_NAME = AppIcon;
				CODE_SIGN_STYLE = Automatic;
				DEVELOPMENT_TEAM = 57FTCZV5HS;
				INFOPLIST_FILE = "$(SRCROOT)/TipMap/Resources/Info.plist";
				LD_RUNPATH_SEARCH_PATHS = (
					"$(inherited)",
					"@executable_path/Frameworks",
				);
				PRODUCT_BUNDLE_IDENTIFIER = com.greghughes.TipMap;
				PRODUCT_NAME = "$(TARGET_NAME)";
				SWIFT_VERSION = 4.2;
				TARGETED_DEVICE_FAMILY = "1,2";
			};
			name = Release;
		};
/* End XCBuildConfiguration section */

/* Begin XCConfigurationList section */
		90EB95B62235FAF100AD0B3D /* Build configuration list for PBXProject "TipMap" */ = {
			isa = XCConfigurationList;
			buildConfigurations = (
				90EB95CE2235FAF300AD0B3D /* Debug */,
				90EB95CF2235FAF300AD0B3D /* Release */,
			);
			defaultConfigurationIsVisible = 0;
			defaultConfigurationName = Release;
		};
		90EB95D02235FAF300AD0B3D /* Build configuration list for PBXNativeTarget "TipMap" */ = {
			isa = XCConfigurationList;
			buildConfigurations = (
				90EB95D12235FAF300AD0B3D /* Debug */,
				90EB95D22235FAF300AD0B3D /* Release */,
			);
			defaultConfigurationIsVisible = 0;
			defaultConfigurationName = Release;
		};
/* End XCConfigurationList section */

/* Begin XCVersionGroup section */
		90EB95C52235FAF200AD0B3D /* TipMap.xcdatamodeld */ = {
			isa = XCVersionGroup;
			children = (
				90EB95C62235FAF200AD0B3D /* TipMap.xcdatamodel */,
			);
			currentVersion = 90EB95C62235FAF200AD0B3D /* TipMap.xcdatamodel */;
			path = TipMap.xcdatamodeld;
			sourceTree = "<group>";
			versionGroupType = wrapper.xcdatamodel;
		};
/* End XCVersionGroup section */
	};
	rootObject = 90EB95B32235FAF100AD0B3D /* Project object */;
}
